// !$*UTF8*$!
{
	archiveVersion = 1;
	classes = {
	};
	objectVersion = 50;
	objects = {

/* Begin PBXBuildFile section */
		ACCCA801233C7C8E00F713CE /* AppDelegate.swift in Sources */ = {isa = PBXBuildFile; fileRef = ACCCA800233C7C8E00F713CE /* AppDelegate.swift */; };
		ACCCA803233C7C8E00F713CE /* SceneDelegate.swift in Sources */ = {isa = PBXBuildFile; fileRef = ACCCA802233C7C8E00F713CE /* SceneDelegate.swift */; };
		ACCCA805233C7C8E00F713CE /* ViewController.swift in Sources */ = {isa = PBXBuildFile; fileRef = ACCCA804233C7C8E00F713CE /* ViewController.swift */; };
		ACCCA808233C7C8E00F713CE /* Main.storyboard in Resources */ = {isa = PBXBuildFile; fileRef = ACCCA806233C7C8E00F713CE /* Main.storyboard */; };
		ACCCA80A233C7C9000F713CE /* Assets.xcassets in Resources */ = {isa = PBXBuildFile; fileRef = ACCCA809233C7C9000F713CE /* Assets.xcassets */; };
		ACCCA80D233C7C9000F713CE /* LaunchScreen.storyboard in Resources */ = {isa = PBXBuildFile; fileRef = ACCCA80B233C7C9000F713CE /* LaunchScreen.storyboard */; };
/* End PBXBuildFile section */

/* Begin PBXFileReference section */
		ACCCA7FD233C7C8E00F713CE /* Switching XIB.app */ = {isa = PBXFileReference; explicitFileType = wrapper.application; includeInIndex = 0; path = "Switching XIB.app"; sourceTree = BUILT_PRODUCTS_DIR; };
		ACCCA800233C7C8E00F713CE /* AppDelegate.swift */ = {isa = PBXFileReference; lastKnownFileType = sourcecode.swift; path = AppDelegate.swift; sourceTree = "<group>"; };
		ACCCA802233C7C8E00F713CE /* SceneDelegate.swift */ = {isa = PBXFileReference; lastKnownFileType = sourcecode.swift; path = SceneDelegate.swift; sourceTree = "<group>"; };
		ACCCA804233C7C8E00F713CE /* ViewController.swift */ = {isa = PBXFileReference; lastKnownFileType = sourcecode.swift; path = ViewController.swift; sourceTree = "<group>"; };
		ACCCA807233C7C8E00F713CE /* Base */ = {isa = PBXFileReference; lastKnownFileType = file.storyboard; name = Base; path = Base.lproj/Main.storyboard; sourceTree = "<group>"; };
		ACCCA809233C7C9000F713CE /* Assets.xcassets */ = {isa = PBXFileReference; lastKnownFileType = folder.assetcatalog; path = Assets.xcassets; sourceTree = "<group>"; };
		ACCCA80C233C7C9000F713CE /* Base */ = {isa = PBXFileReference; lastKnownFileType = file.storyboard; name = Base; path = Base.lproj/LaunchScreen.storyboard; sourceTree = "<group>"; };
		ACCCA80E233C7C9000F713CE /* Info.plist */ = {isa = PBXFileReference; lastKnownFileType = text.plist.xml; path = Info.plist; sourceTree = "<group>"; };
/* End PBXFileReference section */

/* Begin PBXFrameworksBuildPhase section */
		ACCCA7FA233C7C8E00F713CE /* Frameworks */ = {
			isa = PBXFrameworksBuildPhase;
			buildActionMask = 2147483647;
			files = (
			);
			runOnlyForDeploymentPostprocessing = 0;
		};
/* End PBXFrameworksBuildPhase section */

/* Begin PBXGroup section */
		ACCCA7F4233C7C8E00F713CE = {
			isa = PBXGroup;
			children = (
				ACCCA7FF233C7C8E00F713CE /* Switching XIB */,
				ACCCA7FE233C7C8E00F713CE /* Products */,
			);
			sourceTree = "<group>";
		};
		ACCCA7FE233C7C8E00F713CE /* Products */ = {
			isa = PBXGroup;
			children = (
				ACCCA7FD233C7C8E00F713CE /* Switching XIB.app */,
			);
			name = Products;
			sourceTree = "<group>";
		};
		ACCCA7FF233C7C8E00F713CE /* Switching XIB */ = {
			isa = PBXGroup;
			children = (
				ACCCA800233C7C8E00F713CE /* AppDelegate.swift */,
				ACCCA802233C7C8E00F713CE /* SceneDelegate.swift */,
				ACCCA804233C7C8E00F713CE /* ViewController.swift */,
				ACCCA806233C7C8E00F713CE /* Main.storyboard */,
				ACCCA809233C7C9000F713CE /* Assets.xcassets */,
				ACCCA80B233C7C9000F713CE /* LaunchScreen.storyboard */,
				ACCCA80E233C7C9000F713CE /* Info.plist */,
			);
			path = "Switching XIB";
			sourceTree = "<group>";
		};
/* End PBXGroup section */

/* Begin PBXNativeTarget section */
		ACCCA7FC233C7C8E00F713CE /* Switching XIB */ = {
			isa = PBXNativeTarget;
			buildConfigurationList = ACCCA811233C7C9000F713CE /* Build configuration list for PBXNativeTarget "Switching XIB" */;
			buildPhases = (
				ACCCA7F9233C7C8E00F713CE /* Sources */,
				ACCCA7FA233C7C8E00F713CE /* Frameworks */,
				ACCCA7FB233C7C8E00F713CE /* Resources */,
			);
			buildRules = (
			);
			dependencies = (
			);
			name = "Switching XIB";
			productName = "Switching XIB";
			productReference = ACCCA7FD233C7C8E00F713CE /* Switching XIB.app */;
			productType = "com.apple.product-type.application";
		};
/* End PBXNativeTarget section */

/* Begin PBXProject section */
		ACCCA7F5233C7C8E00F713CE /* Project object */ = {
			isa = PBXProject;
			attributes = {
				LastSwiftUpdateCheck = 1100;
				LastUpgradeCheck = 1100;
				ORGANIZATIONNAME = "Digital Mirko";
				TargetAttributes = {
					ACCCA7FC233C7C8E00F713CE = {
						CreatedOnToolsVersion = 11.0;
					};
				};
			};
			buildConfigurationList = ACCCA7F8233C7C8E00F713CE /* Build configuration list for PBXProject "Switching XIB" */;
			compatibilityVersion = "Xcode 9.3";
			developmentRegion = en;
			hasScannedForEncodings = 0;
			knownRegions = (
				en,
				Base,
			);
			mainGroup = ACCCA7F4233C7C8E00F713CE;
			productRefGroup = ACCCA7FE233C7C8E00F713CE /* Products */;
			projectDirPath = "";
			projectRoot = "";
			targets = (
				ACCCA7FC233C7C8E00F713CE /* Switching XIB */,
			);
		};
/* End PBXProject section */

/* Begin PBXResourcesBuildPhase section */
		ACCCA7FB233C7C8E00F713CE /* Resources */ = {
			isa = PBXResourcesBuildPhase;
			buildActionMask = 2147483647;
			files = (
				ACCCA80D233C7C9000F713CE /* LaunchScreen.storyboard in Resources */,
				ACCCA80A233C7C9000F713CE /* Assets.xcassets in Resources */,
				ACCCA808233C7C8E00F713CE /* Main.storyboard in Resources */,
			);
			runOnlyForDeploymentPostprocessing = 0;
		};
/* End PBXResourcesBuildPhase section */

/* Begin PBXSourcesBuildPhase section */
		ACCCA7F9233C7C8E00F713CE /* Sources */ = {
			isa = PBXSourcesBuildPhase;
			buildActionMask = 2147483647;
			files = (
				ACCCA805233C7C8E00F713CE /* ViewController.swift in Sources */,
				ACCCA801233C7C8E00F713CE /* AppDelegate.swift in Sources */,
				ACCCA803233C7C8E00F713CE /* SceneDelegate.swift in Sources */,
			);
			runOnlyForDeploymentPostprocessing = 0;
		};
/* End PBXSourcesBuildPhase section */

/* Begin PBXVariantGroup section */
		ACCCA806233C7C8E00F713CE /* Main.storyboard */ = {
			isa = PBXVariantGroup;
			children = (
				ACCCA807233C7C8E00F713CE /* Base */,
			);
			name = Main.storyboard;
			sourceTree = "<group>";
		};
		ACCCA80B233C7C9000F713CE /* LaunchScreen.storyboard */ = {
			isa = PBXVariantGroup;
			children = (
				ACCCA80C233C7C9000F713CE /* Base */,
			);
			name = LaunchScreen.storyboard;
			sourceTree = "<group>";
		};
/* End PBXVariantGroup section */

/* Begin XCBuildConfiguration section */
		ACCCA80F233C7C9000F713CE /* Debug */ = {
			isa = XCBuildConfiguration;
			buildSettings = {
				ALWAYS_SEARCH_USER_PATHS = NO;
				CLANG_ANALYZER_NONNULL = YES;
				CLANG_ANALYZER_NUMBER_OBJECT_CONVERSION = YES_AGGRESSIVE;
				CLANG_CXX_LANGUAGE_STANDARD = "gnu++14";
				CLANG_CXX_LIBRARY = "libc++";
				CLANG_ENABLE_MODULES = YES;
				CLANG_ENABLE_OBJC_ARC = YES;
				CLANG_ENABLE_OBJC_WEAK = YES;
				CLANG_WARN_BLOCK_CAPTURE_AUTORELEASING = YES;
				CLANG_WARN_BOOL_CONVERSION = YES;
				CLANG_WARN_COMMA = YES;
				CLANG_WARN_CONSTANT_CONVERSION = YES;
				CLANG_WARN_DEPRECATED_OBJC_IMPLEMENTATIONS = YES;
				CLANG_WARN_DIRECT_OBJC_ISA_USAGE = YES_ERROR;
				CLANG_WARN_DOCUMENTATION_COMMENTS = YES;
				CLANG_WARN_EMPTY_BODY = YES;
				CLANG_WARN_ENUM_CONVERSION = YES;
				CLANG_WARN_INFINITE_RECURSION = YES;
				CLANG_WARN_INT_CONVERSION = YES;
				CLANG_WARN_NON_LITERAL_NULL_CONVERSION = YES;
				CLANG_WARN_OBJC_IMPLICIT_RETAIN_SELF = YES;
				CLANG_WARN_OBJC_LITERAL_CONVERSION = YES;
				CLANG_WARN_OBJC_ROOT_CLASS = YES_ERROR;
				CLANG_WARN_RANGE_LOOP_ANALYSIS = YES;
				CLANG_WARN_STRICT_PROTOTYPES = YES;
				CLANG_WARN_SUSPICIOUS_MOVE = YES;
				CLANG_WARN_UNGUARDED_AVAILABILITY = YES_AGGRESSIVE;
				CLANG_WARN_UNREACHABLE_CODE = YES;
				CLANG_WARN__DUPLICATE_METHOD_MATCH = YES;
				COPY_PHASE_STRIP = NO;
				DEBUG_INFORMATION_FORMAT = dwarf;
				ENABLE_STRICT_OBJC_MSGSEND = YES;
				ENABLE_TESTABILITY = YES;
				GCC_C_LANGUAGE_STANDARD = gnu11;
				GCC_DYNAMIC_NO_PIC = NO;
				GCC_NO_COMMON_BLOCKS = YES;
				GCC_OPTIMIZATION_LEVEL = 0;
				GCC_PREPROCESSOR_DEFINITIONS = (
					"DEBUG=1",
					"$(inherited)",
				);
				GCC_WARN_64_TO_32_BIT_CONVERSION = YES;
				GCC_WARN_ABOUT_RETURN_TYPE = YES_ERROR;
				GCC_WARN_UNDECLARED_SELECTOR = YES;
				GCC_WARN_UNINITIALIZED_AUTOS = YES_AGGRESSIVE;
				GCC_WARN_UNUSED_FUNCTION = YES;
				GCC_WARN_UNUSED_VARIABLE = YES;
				IPHONEOS_DEPLOYMENT_TARGET = 13.0;
				MTL_ENABLE_DEBUG_INFO = INCLUDE_SOURCE;
				MTL_FAST_MATH = YES;
				ONLY_ACTIVE_ARCH = YES;
				SDKROOT = iphoneos;
				SWIFT_ACTIVE_COMPILATION_CONDITIONS = DEBUG;
				SWIFT_OPTIMIZATION_LEVEL = "-Onone";
			};
			name = Debug;
		};
		ACCCA810233C7C9000F713CE /* Release */ = {
			isa = XCBuildConfiguration;
			buildSettings = {
				ALWAYS_SEARCH_USER_PATHS = NO;
				CLANG_ANALYZER_NONNULL = YES;
				CLANG_ANALYZER_NUMBER_OBJECT_CONVERSION = YES_AGGRESSIVE;
				CLANG_CXX_LANGUAGE_STANDARD = "gnu++14";
				CLANG_CXX_LIBRARY = "libc++";
				CLANG_ENABLE_MODULES = YES;
				CLANG_ENABLE_OBJC_ARC = YES;
				CLANG_ENABLE_OBJC_WEAK = YES;
				CLANG_WARN_BLOCK_CAPTURE_AUTORELEASING = YES;
				CLANG_WARN_BOOL_CONVERSION = YES;
				CLANG_WARN_COMMA = YES;
				CLANG_WARN_CONSTANT_CONVERSION = YES;
				CLANG_WARN_DEPRECATED_OBJC_IMPLEMENTATIONS = YES;
				CLANG_WARN_DIRECT_OBJC_ISA_USAGE = YES_ERROR;
				CLANG_WARN_DOCUMENTATION_COMMENTS = YES;
				CLANG_WARN_EMPTY_BODY = YES;
				CLANG_WARN_ENUM_CONVERSION = YES;
				CLANG_WARN_INFINITE_RECURSION = YES;
				CLANG_WARN_INT_CONVERSION = YES;
				CLANG_WARN_NON_LITERAL_NULL_CONVERSION = YES;
				CLANG_WARN_OBJC_IMPLICIT_RETAIN_SELF = YES;
				CLANG_WARN_OBJC_LITERAL_CONVERSION = YES;
				CLANG_WARN_OBJC_ROOT_CLASS = YES_ERROR;
				CLANG_WARN_RANGE_LOOP_ANALYSIS = YES;
				CLANG_WARN_STRICT_PROTOTYPES = YES;
				CLANG_WARN_SUSPICIOUS_MOVE = YES;
				CLANG_WARN_UNGUARDED_AVAILABILITY = YES_AGGRESSIVE;
				CLANG_WARN_UNREACHABLE_CODE = YES;
				CLANG_WARN__DUPLICATE_METHOD_MATCH = YES;
				COPY_PHASE_STRIP = NO;
				DEBUG_INFORMATION_FORMAT = "dwarf-with-dsym";
				ENABLE_NS_ASSERTIONS = NO;
				ENABLE_STRICT_OBJC_MSGSEND = YES;
				GCC_C_LANGUAGE_STANDARD = gnu11;
				GCC_NO_COMMON_BLOCKS = YES;
				GCC_WARN_64_TO_32_BIT_CONVERSION = YES;
				GCC_WARN_ABOUT_RETURN_TYPE = YES_ERROR;
				GCC_WARN_UNDECLARED_SELECTOR = YES;
				GCC_WARN_UNINITIALIZED_AUTOS = YES_AGGRESSIVE;
				GCC_WARN_UNUSED_FUNCTION = YES;
				GCC_WARN_UNUSED_VARIABLE = YES;
				IPHONEOS_DEPLOYMENT_TARGET = 13.0;
				MTL_ENABLE_DEBUG_INFO = NO;
				MTL_FAST_MATH = YES;
				SDKROOT = iphoneos;
				SWIFT_COMPILATION_MODE = wholemodule;
				SWIFT_OPTIMIZATION_LEVEL = "-O";
				VALIDATE_PRODUCT = YES;
			};
			name = Release;
		};
		ACCCA812233C7C9000F713CE /* Debug */ = {
			isa = XCBuildConfiguration;
			buildSettings = {
				ASSETCATALOG_COMPILER_APPICON_NAME = AppIcon;
				CODE_SIGN_STYLE = Automatic;
				DEVELOPMENT_TEAM = EQNJ9FG9YA;
				INFOPLIST_FILE = "Switching XIB/Info.plist";
				LD_RUNPATH_SEARCH_PATHS = (
					"$(inherited)",
					"@executable_path/Frameworks",
				);
				PRODUCT_BUNDLE_IDENTIFIER = "com.digitalmirko.Switching-XIB";
				PRODUCT_NAME = "$(TARGET_NAME)";
				SWIFT_VERSION = 5.0;
				TARGETED_DEVICE_FAMILY = "1,2";
			};
			name = Debug;
		};
		ACCCA813233C7C9000F713CE /* Release */ = {
			isa = XCBuildConfiguration;
			buildSettings = {
				ASSETCATALOG_COMPILER_APPICON_NAME = AppIcon;
				CODE_SIGN_STYLE = Automatic;
				DEVELOPMENT_TEAM = EQNJ9FG9YA;
				INFOPLIST_FILE = "Switching XIB/Info.plist";
				LD_RUNPATH_SEARCH_PATHS = (
					"$(inherited)",
					"@executable_path/Frameworks",
				);
				PRODUCT_BUNDLE_IDENTIFIER = "com.digitalmirko.Switching-XIB";
				PRODUCT_NAME = "$(TARGET_NAME)";
				SWIFT_VERSION = 5.0;
				TARGETED_DEVICE_FAMILY = "1,2";
			};
			name = Release;
		};
/* End XCBuildConfiguration section */

/* Begin XCConfigurationList section */
		ACCCA7F8233C7C8E00F713CE /* Build configuration list for PBXProject "Switching XIB" */ = {
			isa = XCConfigurationList;
			buildConfigurations = (
				ACCCA80F233C7C9000F713CE /* Debug */,
				ACCCA810233C7C9000F713CE /* Release */,
			);
			defaultConfigurationIsVisible = 0;
			defaultConfigurationName = Release;
		};
		ACCCA811233C7C9000F713CE /* Build configuration list for PBXNativeTarget "Switching XIB" */ = {
			isa = XCConfigurationList;
			buildConfigurations = (
				ACCCA812233C7C9000F713CE /* Debug */,
				ACCCA813233C7C9000F713CE /* Release */,
			);
			defaultConfigurationIsVisible = 0;
			defaultConfigurationName = Release;
		};
/* End XCConfigurationList section */
	};
	rootObject = ACCCA7F5233C7C8E00F713CE /* Project object */;
}
